
Microsoft Visual Studio Solution File, Format Version 12.00
# Visual Studio Version 16
VisualStudioVersion = 16.0.31829.152
MinimumVisualStudioVersion = 10.0.40219.1
Project("{FAE04EC0-301F-11D3-BF4B-00C04F79EFBC}") = "lab18", "lab18\lab18.csproj", "{09064012-2FE8-4C63-93E3-56C29A316398}"
EndProject
Global
	GlobalSection(SolutionConfigurationPlatforms) = preSolution
		Debug|Any CPU = Debug|Any CPU
		Release|Any CPU = Release|Any CPU
	EndGlobalSection
	GlobalSection(ProjectConfigurationPlatforms) = postSolution
		{09064012-2FE8-4C63-93E3-56C29A316398}.Debug|Any CPU.ActiveCfg = Debug|Any CPU
		{09064012-2FE8-4C63-93E3-56C29A316398}.Debug|Any CPU.Build.0 = Debug|Any CPU
		{09064012-2FE8-4C63-93E3-56C29A316398}.Release|Any CPU.ActiveCfg = Release|Any CPU
		{09064012-2FE8-4C63-93E3-56C29A316398}.Release|Any CPU.Build.0 = Release|Any CPU
	EndGlobalSection
	GlobalSection(SolutionProperties) = preSolution
		HideSolutionNode = FALSE
	EndGlobalSection
	GlobalSection(ExtensibilityGlobals) = postSolution
		SolutionGuid = {1F1AB995-8760-49F6-AB7A-C08FF4A7B8B1}
	EndGlobalSection
EndGlobal
